// !$*UTF8*$!
{
	archiveVersion = 1;
	classes = {
	};
	objectVersion = 48;
	objects = {

/* Begin PBXBuildFile section */
		371AB665200708E8002083F5 /* AppDelegate.swift in Sources */ = {isa = PBXBuildFile; fileRef = 371AB664200708E8002083F5 /* AppDelegate.swift */; };
		371AB667200708E8002083F5 /* ViewController.swift in Sources */ = {isa = PBXBuildFile; fileRef = 371AB666200708E8002083F5 /* ViewController.swift */; };
		371AB66A200708E8002083F5 /* Main.storyboard in Resources */ = {isa = PBXBuildFile; fileRef = 371AB668200708E8002083F5 /* Main.storyboard */; };
		371AB66C200708E8002083F5 /* Assets.xcassets in Resources */ = {isa = PBXBuildFile; fileRef = 371AB66B200708E8002083F5 /* Assets.xcassets */; };
		371AB66F200708E8002083F5 /* LaunchScreen.storyboard in Resources */ = {isa = PBXBuildFile; fileRef = 371AB66D200708E8002083F5 /* LaunchScreen.storyboard */; };
		371AB67A200708E8002083F5 /* DemoTests.swift in Sources */ = {isa = PBXBuildFile; fileRef = 371AB679200708E8002083F5 /* DemoTests.swift */; };
		371AB685200708E8002083F5 /* DemoUITests.swift in Sources */ = {isa = PBXBuildFile; fileRef = 371AB684200708E8002083F5 /* DemoUITests.swift */; };
		371AB6942007099B002083F5 /* PKDateTimePicker.swift in Sources */ = {isa = PBXBuildFile; fileRef = 371AB6932007099B002083F5 /* PKDateTimePicker.swift */; };
/* End PBXBuildFile section */

/* Begin PBXContainerItemProxy section */
		371AB676200708E8002083F5 /* PBXContainerItemProxy */ = {
			isa = PBXContainerItemProxy;
			containerPortal = 371AB659200708E8002083F5 /* Project object */;
			proxyType = 1;
			remoteGlobalIDString = 371AB660200708E8002083F5;
			remoteInfo = Demo;
		};
		371AB681200708E8002083F5 /* PBXContainerItemProxy */ = {
			isa = PBXContainerItemProxy;
			containerPortal = 371AB659200708E8002083F5 /* Project object */;
			proxyType = 1;
			remoteGlobalIDString = 371AB660200708E8002083F5;
			remoteInfo = Demo;
		};
/* End PBXContainerItemProxy section */

/* Begin PBXFileReference section */
		371AB661200708E8002083F5 /* Demo.app */ = {isa = PBXFileReference; explicitFileType = wrapper.application; includeInIndex = 0; path = Demo.app; sourceTree = BUILT_PRODUCTS_DIR; };
		371AB664200708E8002083F5 /* AppDelegate.swift */ = {isa = PBXFileReference; lastKnownFileType = sourcecode.swift; path = AppDelegate.swift; sourceTree = "<group>"; };
		371AB666200708E8002083F5 /* ViewController.swift */ = {isa = PBXFileReference; lastKnownFileType = sourcecode.swift; path = ViewController.swift; sourceTree = "<group>"; };
		371AB669200708E8002083F5 /* Base */ = {isa = PBXFileReference; lastKnownFileType = file.storyboard; name = Base; path = Base.lproj/Main.storyboard; sourceTree = "<group>"; };
		371AB66B200708E8002083F5 /* Assets.xcassets */ = {isa = PBXFileReference; lastKnownFileType = folder.assetcatalog; path = Assets.xcassets; sourceTree = "<group>"; };
		371AB66E200708E8002083F5 /* Base */ = {isa = PBXFileReference; lastKnownFileType = file.storyboard; name = Base; path = Base.lproj/LaunchScreen.storyboard; sourceTree = "<group>"; };
		371AB670200708E8002083F5 /* Info.plist */ = {isa = PBXFileReference; lastKnownFileType = text.plist.xml; path = Info.plist; sourceTree = "<group>"; };
		371AB675200708E8002083F5 /* DemoTests.xctest */ = {isa = PBXFileReference; explicitFileType = wrapper.cfbundle; includeInIndex = 0; path = DemoTests.xctest; sourceTree = BUILT_PRODUCTS_DIR; };
		371AB679200708E8002083F5 /* DemoTests.swift */ = {isa = PBXFileReference; lastKnownFileType = sourcecode.swift; path = DemoTests.swift; sourceTree = "<group>"; };
		371AB67B200708E8002083F5 /* Info.plist */ = {isa = PBXFileReference; lastKnownFileType = text.plist.xml; path = Info.plist; sourceTree = "<group>"; };
		371AB680200708E8002083F5 /* DemoUITests.xctest */ = {isa = PBXFileReference; explicitFileType = wrapper.cfbundle; includeInIndex = 0; path = DemoUITests.xctest; sourceTree = BUILT_PRODUCTS_DIR; };
		371AB684200708E8002083F5 /* DemoUITests.swift */ = {isa = PBXFileReference; lastKnownFileType = sourcecode.swift; path = DemoUITests.swift; sourceTree = "<group>"; };
		371AB686200708E8002083F5 /* Info.plist */ = {isa = PBXFileReference; lastKnownFileType = text.plist.xml; path = Info.plist; sourceTree = "<group>"; };
		371AB6932007099B002083F5 /* PKDateTimePicker.swift */ = {isa = PBXFileReference; lastKnownFileType = sourcecode.swift; path = PKDateTimePicker.swift; sourceTree = "<group>"; };
/* End PBXFileReference section */

/* Begin PBXFrameworksBuildPhase section */
		371AB65E200708E8002083F5 /* Frameworks */ = {
			isa = PBXFrameworksBuildPhase;
			buildActionMask = 2147483647;
			files = (
			);
			runOnlyForDeploymentPostprocessing = 0;
		};
		371AB672200708E8002083F5 /* Frameworks */ = {
			isa = PBXFrameworksBuildPhase;
			buildActionMask = 2147483647;
			files = (
			);
			runOnlyForDeploymentPostprocessing = 0;
		};
		371AB67D200708E8002083F5 /* Frameworks */ = {
			isa = PBXFrameworksBuildPhase;
			buildActionMask = 2147483647;
			files = (
			);
			runOnlyForDeploymentPostprocessing = 0;
		};
/* End PBXFrameworksBuildPhase section */

/* Begin PBXGroup section */
		371AB658200708E8002083F5 = {
			isa = PBXGroup;
			children = (
				371AB69220070948002083F5 /* PKDateTimePicker */,
				371AB663200708E8002083F5 /* Demo */,
				371AB678200708E8002083F5 /* DemoTests */,
				371AB683200708E8002083F5 /* DemoUITests */,
				371AB662200708E8002083F5 /* Products */,
			);
			sourceTree = "<group>";
		};
		371AB662200708E8002083F5 /* Products */ = {
			isa = PBXGroup;
			children = (
				371AB661200708E8002083F5 /* Demo.app */,
				371AB675200708E8002083F5 /* DemoTests.xctest */,
				371AB680200708E8002083F5 /* DemoUITests.xctest */,
			);
			name = Products;
			sourceTree = "<group>";
		};
		371AB663200708E8002083F5 /* Demo */ = {
			isa = PBXGroup;
			children = (
				371AB664200708E8002083F5 /* AppDelegate.swift */,
				371AB666200708E8002083F5 /* ViewController.swift */,
				371AB668200708E8002083F5 /* Main.storyboard */,
				371AB66B200708E8002083F5 /* Assets.xcassets */,
				371AB66D200708E8002083F5 /* LaunchScreen.storyboard */,
				371AB670200708E8002083F5 /* Info.plist */,
			);
			path = Demo;
			sourceTree = "<group>";
		};
		371AB678200708E8002083F5 /* DemoTests */ = {
			isa = PBXGroup;
			children = (
				371AB679200708E8002083F5 /* DemoTests.swift */,
				371AB67B200708E8002083F5 /* Info.plist */,
			);
			path = DemoTests;
			sourceTree = "<group>";
		};
		371AB683200708E8002083F5 /* DemoUITests */ = {
			isa = PBXGroup;
			children = (
				371AB684200708E8002083F5 /* DemoUITests.swift */,
				371AB686200708E8002083F5 /* Info.plist */,
			);
			path = DemoUITests;
			sourceTree = "<group>";
		};
		371AB69220070948002083F5 /* PKDateTimePicker */ = {
			isa = PBXGroup;
			children = (
				371AB6932007099B002083F5 /* PKDateTimePicker.swift */,
			);
			name = PKDateTimePicker;
			path = ../PKDateTimePicker;
			sourceTree = "<group>";
		};
/* End PBXGroup section */

/* Begin PBXNativeTarget section */
		371AB660200708E8002083F5 /* Demo */ = {
			isa = PBXNativeTarget;
			buildConfigurationList = 371AB689200708E8002083F5 /* Build configuration list for PBXNativeTarget "Demo" */;
			buildPhases = (
				371AB65D200708E8002083F5 /* Sources */,
				371AB65E200708E8002083F5 /* Frameworks */,
				371AB65F200708E8002083F5 /* Resources */,
			);
			buildRules = (
			);
			dependencies = (
			);
			name = Demo;
			productName = Demo;
			productReference = 371AB661200708E8002083F5 /* Demo.app */;
			productType = "com.apple.product-type.application";
		};
		371AB674200708E8002083F5 /* DemoTests */ = {
			isa = PBXNativeTarget;
			buildConfigurationList = 371AB68C200708E8002083F5 /* Build configuration list for PBXNativeTarget "DemoTests" */;
			buildPhases = (
				371AB671200708E8002083F5 /* Sources */,
				371AB672200708E8002083F5 /* Frameworks */,
				371AB673200708E8002083F5 /* Resources */,
			);
			buildRules = (
			);
			dependencies = (
				371AB677200708E8002083F5 /* PBXTargetDependency */,
			);
			name = DemoTests;
			productName = DemoTests;
			productReference = 371AB675200708E8002083F5 /* DemoTests.xctest */;
			productType = "com.apple.product-type.bundle.unit-test";
		};
		371AB67F200708E8002083F5 /* DemoUITests */ = {
			isa = PBXNativeTarget;
			buildConfigurationList = 371AB68F200708E8002083F5 /* Build configuration list for PBXNativeTarget "DemoUITests" */;
			buildPhases = (
				371AB67C200708E8002083F5 /* Sources */,
				371AB67D200708E8002083F5 /* Frameworks */,
				371AB67E200708E8002083F5 /* Resources */,
			);
			buildRules = (
			);
			dependencies = (
				371AB682200708E8002083F5 /* PBXTargetDependency */,
			);
			name = DemoUITests;
			productName = DemoUITests;
			productReference = 371AB680200708E8002083F5 /* DemoUITests.xctest */;
			productType = "com.apple.product-type.bundle.ui-testing";
		};
/* End PBXNativeTarget section */

/* Begin PBXProject section */
		371AB659200708E8002083F5 /* Project object */ = {
			isa = PBXProject;
			attributes = {
				LastSwiftUpdateCheck = 0920;
				LastUpgradeCheck = 0920;
				ORGANIZATIONNAME = "Kieu Minh Phu";
				TargetAttributes = {
					371AB660200708E8002083F5 = {
						CreatedOnToolsVersion = 9.2;
						ProvisioningStyle = Automatic;
					};
					371AB674200708E8002083F5 = {
						CreatedOnToolsVersion = 9.2;
						ProvisioningStyle = Automatic;
						TestTargetID = 371AB660200708E8002083F5;
					};
					371AB67F200708E8002083F5 = {
						CreatedOnToolsVersion = 9.2;
						ProvisioningStyle = Automatic;
						TestTargetID = 371AB660200708E8002083F5;
					};
				};
			};
			buildConfigurationList = 371AB65C200708E8002083F5 /* Build configuration list for PBXProject "Demo" */;
			compatibilityVersion = "Xcode 8.0";
			developmentRegion = en;
			hasScannedForEncodings = 0;
			knownRegions = (
				en,
				Base,
			);
			mainGroup = 371AB658200708E8002083F5;
			productRefGroup = 371AB662200708E8002083F5 /* Products */;
			projectDirPath = "";
			projectRoot = "";
			targets = (
				371AB660200708E8002083F5 /* Demo */,
				371AB674200708E8002083F5 /* DemoTests */,
				371AB67F200708E8002083F5 /* DemoUITests */,
			);
		};
/* End PBXProject section */

/* Begin PBXResourcesBuildPhase section */
		371AB65F200708E8002083F5 /* Resources */ = {
			isa = PBXResourcesBuildPhase;
			buildActionMask = 2147483647;
			files = (
				371AB66F200708E8002083F5 /* LaunchScreen.storyboard in Resources */,
				371AB66C200708E8002083F5 /* Assets.xcassets in Resources */,
				371AB66A200708E8002083F5 /* Main.storyboard in Resources */,
			);
			runOnlyForDeploymentPostprocessing = 0;
		};
		371AB673200708E8002083F5 /* Resources */ = {
			isa = PBXResourcesBuildPhase;
			buildActionMask = 2147483647;
			files = (
			);
			runOnlyForDeploymentPostprocessing = 0;
		};
		371AB67E200708E8002083F5 /* Resources */ = {
			isa = PBXResourcesBuildPhase;
			buildActionMask = 2147483647;
			files = (
			);
			runOnlyForDeploymentPostprocessing = 0;
		};
/* End PBXResourcesBuildPhase section */

/* Begin PBXSourcesBuildPhase section */
		371AB65D200708E8002083F5 /* Sources */ = {
			isa = PBXSourcesBuildPhase;
			buildActionMask = 2147483647;
			files = (
				371AB6942007099B002083F5 /* PKDateTimePicker.swift in Sources */,
				371AB667200708E8002083F5 /* ViewController.swift in Sources */,
				371AB665200708E8002083F5 /* AppDelegate.swift in Sources */,
			);
			runOnlyForDeploymentPostprocessing = 0;
		};
		371AB671200708E8002083F5 /* Sources */ = {
			isa = PBXSourcesBuildPhase;
			buildActionMask = 2147483647;
			files = (
				371AB67A200708E8002083F5 /* DemoTests.swift in Sources */,
			);
			runOnlyForDeploymentPostprocessing = 0;
		};
		371AB67C200708E8002083F5 /* Sources */ = {
			isa = PBXSourcesBuildPhase;
			buildActionMask = 2147483647;
			files = (
				371AB685200708E8002083F5 /* DemoUITests.swift in Sources */,
			);
			runOnlyForDeploymentPostprocessing = 0;
		};
/* End PBXSourcesBuildPhase section */

/* Begin PBXTargetDependency section */
		371AB677200708E8002083F5 /* PBXTargetDependency */ = {
			isa = PBXTargetDependency;
			target = 371AB660200708E8002083F5 /* Demo */;
			targetProxy = 371AB676200708E8002083F5 /* PBXContainerItemProxy */;
		};
		371AB682200708E8002083F5 /* PBXTargetDependency */ = {
			isa = PBXTargetDependency;
			target = 371AB660200708E8002083F5 /* Demo */;
			targetProxy = 371AB681200708E8002083F5 /* PBXContainerItemProxy */;
		};
/* End PBXTargetDependency section */

/* Begin PBXVariantGroup section */
		371AB668200708E8002083F5 /* Main.storyboard */ = {
			isa = PBXVariantGroup;
			children = (
				371AB669200708E8002083F5 /* Base */,
			);
			name = Main.storyboard;
			sourceTree = "<group>";
		};
		371AB66D200708E8002083F5 /* LaunchScreen.storyboard */ = {
			isa = PBXVariantGroup;
			children = (
				371AB66E200708E8002083F5 /* Base */,
			);
			name = LaunchScreen.storyboard;
			sourceTree = "<group>";
		};
/* End PBXVariantGroup section */

/* Begin XCBuildConfiguration section */
		371AB687200708E8002083F5 /* Debug */ = {
			isa = XCBuildConfiguration;
			buildSettings = {
				ALWAYS_SEARCH_USER_PATHS = NO;
				CLANG_ANALYZER_NONNULL = YES;
				CLANG_ANALYZER_NUMBER_OBJECT_CONVERSION = YES_AGGRESSIVE;
				CLANG_CXX_LANGUAGE_STANDARD = "gnu++14";
				CLANG_CXX_LIBRARY = "libc++";
				CLANG_ENABLE_MODULES = YES;
				CLANG_ENABLE_OBJC_ARC = YES;
				CLANG_WARN_BLOCK_CAPTURE_AUTORELEASING = YES;
				CLANG_WARN_BOOL_CONVERSION = YES;
				CLANG_WARN_COMMA = YES;
				CLANG_WARN_CONSTANT_CONVERSION = YES;
				CLANG_WARN_DIRECT_OBJC_ISA_USAGE = YES_ERROR;
				CLANG_WARN_DOCUMENTATION_COMMENTS = YES;
				CLANG_WARN_EMPTY_BODY = YES;
				CLANG_WARN_ENUM_CONVERSION = YES;
				CLANG_WARN_INFINITE_RECURSION = YES;
				CLANG_WARN_INT_CONVERSION = YES;
				CLANG_WARN_NON_LITERAL_NULL_CONVERSION = YES;
				CLANG_WARN_OBJC_LITERAL_CONVERSION = YES;
				CLANG_WARN_OBJC_ROOT_CLASS = YES_ERROR;
				CLANG_WARN_RANGE_LOOP_ANALYSIS = YES;
				CLANG_WARN_STRICT_PROTOTYPES = YES;
				CLANG_WARN_SUSPICIOUS_MOVE = YES;
				CLANG_WARN_UNGUARDED_AVAILABILITY = YES_AGGRESSIVE;
				CLANG_WARN_UNREACHABLE_CODE = YES;
				CLANG_WARN__DUPLICATE_METHOD_MATCH = YES;
				CODE_SIGN_IDENTITY = "iPhone Developer";
				COPY_PHASE_STRIP = NO;
				DEBUG_INFORMATION_FORMAT = dwarf;
				ENABLE_STRICT_OBJC_MSGSEND = YES;
				ENABLE_TESTABILITY = YES;
				GCC_C_LANGUAGE_STANDARD = gnu11;
				GCC_DYNAMIC_NO_PIC = NO;
				GCC_NO_COMMON_BLOCKS = YES;
				GCC_OPTIMIZATION_LEVEL = 0;
				GCC_PREPROCESSOR_DEFINITIONS = (
					"DEBUG=1",
					"$(inherited)",
				);
				GCC_WARN_64_TO_32_BIT_CONVERSION = YES;
				GCC_WARN_ABOUT_RETURN_TYPE = YES_ERROR;
				GCC_WARN_UNDECLARED_SELECTOR = YES;
				GCC_WARN_UNINITIALIZED_AUTOS = YES_AGGRESSIVE;
				GCC_WARN_UNUSED_FUNCTION = YES;
				GCC_WARN_UNUSED_VARIABLE = YES;
				IPHONEOS_DEPLOYMENT_TARGET = 11.2;
				MTL_ENABLE_DEBUG_INFO = YES;
				ONLY_ACTIVE_ARCH = YES;
				SDKROOT = iphoneos;
				SWIFT_ACTIVE_COMPILATION_CONDITIONS = DEBUG;
				SWIFT_OPTIMIZATION_LEVEL = "-Onone";
			};
			name = Debug;
		};
		371AB688200708E8002083F5 /* Release */ = {
			isa = XCBuildConfiguration;
			buildSettings = {
				ALWAYS_SEARCH_USER_PATHS = NO;
				CLANG_ANALYZER_NONNULL = YES;
				CLANG_ANALYZER_NUMBER_OBJECT_CONVERSION = YES_AGGRESSIVE;
				CLANG_CXX_LANGUAGE_STANDARD = "gnu++14";
				CLANG_CXX_LIBRARY = "libc++";
				CLANG_ENABLE_MODULES = YES;
				CLANG_ENABLE_OBJC_ARC = YES;
				CLANG_WARN_BLOCK_CAPTURE_AUTORELEASING = YES;
				CLANG_WARN_BOOL_CONVERSION = YES;
				CLANG_WARN_COMMA = YES;
				CLANG_WARN_CONSTANT_CONVERSION = YES;
				CLANG_WARN_DIRECT_OBJC_ISA_USAGE = YES_ERROR;
				CLANG_WARN_DOCUMENTATION_COMMENTS = YES;
				CLANG_WARN_EMPTY_BODY = YES;
				CLANG_WARN_ENUM_CONVERSION = YES;
				CLANG_WARN_INFINITE_RECURSION = YES;
				CLANG_WARN_INT_CONVERSION = YES;
				CLANG_WARN_NON_LITERAL_NULL_CONVERSION = YES;
				CLANG_WARN_OBJC_LITERAL_CONVERSION = YES;
				CLANG_WARN_OBJC_ROOT_CLASS = YES_ERROR;
				CLANG_WARN_RANGE_LOOP_ANALYSIS = YES;
				CLANG_WARN_STRICT_PROTOTYPES = YES;
				CLANG_WARN_SUSPICIOUS_MOVE = YES;
				CLANG_WARN_UNGUARDED_AVAILABILITY = YES_AGGRESSIVE;
				CLANG_WARN_UNREACHABLE_CODE = YES;
				CLANG_WARN__DUPLICATE_METHOD_MATCH = YES;
				CODE_SIGN_IDENTITY = "iPhone Developer";
				COPY_PHASE_STRIP = NO;
				DEBUG_INFORMATION_FORMAT = "dwarf-with-dsym";
				ENABLE_NS_ASSERTIONS = NO;
				ENABLE_STRICT_OBJC_MSGSEND = YES;
				GCC_C_LANGUAGE_STANDARD = gnu11;
				GCC_NO_COMMON_BLOCKS = YES;
				GCC_WARN_64_TO_32_BIT_CONVERSION = YES;
				GCC_WARN_ABOUT_RETURN_TYPE = YES_ERROR;
				GCC_WARN_UNDECLARED_SELECTOR = YES;
				GCC_WARN_UNINITIALIZED_AUTOS = YES_AGGRESSIVE;
				GCC_WARN_UNUSED_FUNCTION = YES;
				GCC_WARN_UNUSED_VARIABLE = YES;
				IPHONEOS_DEPLOYMENT_TARGET = 11.2;
				MTL_ENABLE_DEBUG_INFO = NO;
				SDKROOT = iphoneos;
				SWIFT_OPTIMIZATION_LEVEL = "-Owholemodule";
				VALIDATE_PRODUCT = YES;
			};
			name = Release;
		};
		371AB68A200708E8002083F5 /* Debug */ = {
			isa = XCBuildConfiguration;
			buildSettings = {
				ASSETCATALOG_COMPILER_APPICON_NAME = AppIcon;
				CODE_SIGN_STYLE = Automatic;
				DEVELOPMENT_TEAM = TJ6K558Z38;
				INFOPLIST_FILE = Demo/Info.plist;
				IPHONEOS_DEPLOYMENT_TARGET = 8.0;
				LD_RUNPATH_SEARCH_PATHS = "$(inherited) @executable_path/Frameworks";
				PRODUCT_BUNDLE_IDENTIFIER = niw.pakme;
				PRODUCT_NAME = "$(TARGET_NAME)";
				SWIFT_VERSION = 4.0;
				TARGETED_DEVICE_FAMILY = "1,2";
			};
			name = Debug;
		};
		371AB68B200708E8002083F5 /* Release */ = {
			isa = XCBuildConfiguration;
			buildSettings = {
				ASSETCATALOG_COMPILER_APPICON_NAME = AppIcon;
				CODE_SIGN_STYLE = Automatic;
				DEVELOPMENT_TEAM = TJ6K558Z38;
				INFOPLIST_FILE = Demo/Info.plist;
				IPHONEOS_DEPLOYMENT_TARGET = 8.0;
				LD_RUNPATH_SEARCH_PATHS = "$(inherited) @executable_path/Frameworks";
				PRODUCT_BUNDLE_IDENTIFIER = niw.pakme;
				PRODUCT_NAME = "$(TARGET_NAME)";
				SWIFT_VERSION = 4.0;
				TARGETED_DEVICE_FAMILY = "1,2";
			};
			name = Release;
		};
		371AB68D200708E8002083F5 /* Debug */ = {
			isa = XCBuildConfiguration;
			buildSettings = {
				ALWAYS_EMBED_SWIFT_STANDARD_LIBRARIES = YES;
				BUNDLE_LOADER = "$(TEST_HOST)";
				CODE_SIGN_STYLE = Automatic;
				INFOPLIST_FILE = DemoTests/Info.plist;
				LD_RUNPATH_SEARCH_PATHS = "$(inherited) @executable_path/Frameworks @loader_path/Frameworks";
				PRODUCT_BUNDLE_IDENTIFIER = com.KMP.DemoTests;
				PRODUCT_NAME = "$(TARGET_NAME)";
				SWIFT_VERSION = 4.0;
				TARGETED_DEVICE_FAMILY = "1,2";
				TEST_HOST = "$(BUILT_PRODUCTS_DIR)/Demo.app/Demo";
			};
			name = Debug;
		};
		371AB68E200708E8002083F5 /* Release */ = {
			isa = XCBuildConfiguration;
			buildSettings = {
				ALWAYS_EMBED_SWIFT_STANDARD_LIBRARIES = YES;
				BUNDLE_LOADER = "$(TEST_HOST)";
				CODE_SIGN_STYLE = Automatic;
				INFOPLIST_FILE = DemoTests/Info.plist;
				LD_RUNPATH_SEARCH_PATHS = "$(inherited) @executable_path/Frameworks @loader_path/Frameworks";
				PRODUCT_BUNDLE_IDENTIFIER = com.KMP.DemoTests;
				PRODUCT_NAME = "$(TARGET_NAME)";
				SWIFT_VERSION = 4.0;
				TARGETED_DEVICE_FAMILY = "1,2";
				TEST_HOST = "$(BUILT_PRODUCTS_DIR)/Demo.app/Demo";
			};
			name = Release;
		};
		371AB690200708E8002083F5 /* Debug */ = {
			isa = XCBuildConfiguration;
			buildSettings = {
				ALWAYS_EMBED_SWIFT_STANDARD_LIBRARIES = YES;
				CODE_SIGN_STYLE = Automatic;
				INFOPLIST_FILE = DemoUITests/Info.plist;
				LD_RUNPATH_SEARCH_PATHS = "$(inherited) @executable_path/Frameworks @loader_path/Frameworks";
				PRODUCT_BUNDLE_IDENTIFIER = com.KMP.DemoUITests;
				PRODUCT_NAME = "$(TARGET_NAME)";
				SWIFT_VERSION = 4.0;
				TARGETED_DEVICE_FAMILY = "1,2";
				TEST_TARGET_NAME = Demo;
			};
			name = Debug;
		};
		371AB691200708E8002083F5 /* Release */ = {
			isa = XCBuildConfiguration;
			buildSettings = {
				ALWAYS_EMBED_SWIFT_STANDARD_LIBRARIES = YES;
				CODE_SIGN_STYLE = Automatic;
				INFOPLIST_FILE = DemoUITests/Info.plist;
				LD_RUNPATH_SEARCH_PATHS = "$(inherited) @executable_path/Frameworks @loader_path/Frameworks";
				PRODUCT_BUNDLE_IDENTIFIER = com.KMP.DemoUITests;
				PRODUCT_NAME = "$(TARGET_NAME)";
				SWIFT_VERSION = 4.0;
				TARGETED_DEVICE_FAMILY = "1,2";
				TEST_TARGET_NAME = Demo;
			};
			name = Release;
		};
/* End XCBuildConfiguration section */

/* Begin XCConfigurationList section */
		371AB65C200708E8002083F5 /* Build configuration list for PBXProject "Demo" */ = {
			isa = XCConfigurationList;
			buildConfigurations = (
				371AB687200708E8002083F5 /* Debug */,
				371AB688200708E8002083F5 /* Release */,
			);
			defaultConfigurationIsVisible = 0;
			defaultConfigurationName = Release;
		};
		371AB689200708E8002083F5 /* Build configuration list for PBXNativeTarget "Demo" */ = {
			isa = XCConfigurationList;
			buildConfigurations = (
				371AB68A200708E8002083F5 /* Debug */,
				371AB68B200708E8002083F5 /* Release */,
			);
			defaultConfigurationIsVisible = 0;
			defaultConfigurationName = Release;
		};
		371AB68C200708E8002083F5 /* Build configuration list for PBXNativeTarget "DemoTests" */ = {
			isa = XCConfigurationList;
			buildConfigurations = (
				371AB68D200708E8002083F5 /* Debug */,
				371AB68E200708E8002083F5 /* Release */,
			);
			defaultConfigurationIsVisible = 0;
			defaultConfigurationName = Release;
		};
		371AB68F200708E8002083F5 /* Build configuration list for PBXNativeTarget "DemoUITests" */ = {
			isa = XCConfigurationList;
			buildConfigurations = (
				371AB690200708E8002083F5 /* Debug */,
				371AB691200708E8002083F5 /* Release */,
			);
			defaultConfigurationIsVisible = 0;
			defaultConfigurationName = Release;
		};
/* End XCConfigurationList section */
	};
	rootObject = 371AB659200708E8002083F5 /* Project object */;
}
